
Microsoft Visual Studio Solution File, Format Version 12.00
# Visual Studio Version 16
VisualStudioVersion = 16.0.30128.74
MinimumVisualStudioVersion = 10.0.40219.1
Project("{FAE04EC0-301F-11D3-BF4B-00C04F79EFBC}") = "Program5", "Program5\Program5.csproj", "{7D6424B7-0088-432E-B6F9-60A19F4898F8}"
EndProject
Global
	GlobalSection(SolutionConfigurationPlatforms) = preSolution
		Debug|Any CPU = Debug|Any CPU
		Release|Any CPU = Release|Any CPU
	EndGlobalSection
	GlobalSection(ProjectConfigurationPlatforms) = postSolution
		{7D6424B7-0088-432E-B6F9-60A19F4898F8}.Debug|Any CPU.ActiveCfg = Debug|Any CPU
		{7D6424B7-0088-432E-B6F9-60A19F4898F8}.Debug|Any CPU.Build.0 = Debug|Any CPU
		{7D6424B7-0088-432E-B6F9-60A19F4898F8}.Release|Any CPU.ActiveCfg = Release|Any CPU
		{7D6424B7-0088-432E-B6F9-60A19F4898F8}.Release|Any CPU.Build.0 = Release|Any CPU
	EndGlobalSection
	GlobalSection(SolutionProperties) = preSolution
		HideSolutionNode = FALSE
	EndGlobalSection
	GlobalSection(ExtensibilityGlobals) = postSolution
		SolutionGuid = {E5487DBA-2DB3-4E9A-9236-97E1362B3657}
	EndGlobalSection
EndGlobal
