
Microsoft Visual Studio Solution File, Format Version 12.00
# Visual Studio Version 16
VisualStudioVersion = 16.0.30128.74
MinimumVisualStudioVersion = 10.0.40219.1
Project("{FAE04EC0-301F-11D3-BF4B-00C04F79EFBC}") = "Program0", "Program0.csproj", "{8605BD3A-508E-40A3-9006-B64AE7A36615}"
EndProject
Global
	GlobalSection(SolutionConfigurationPlatforms) = preSolution
		Debug|Any CPU = Debug|Any CPU
		Release|Any CPU = Release|Any CPU
	EndGlobalSection
	GlobalSection(ProjectConfigurationPlatforms) = postSolution
		{8605BD3A-508E-40A3-9006-B64AE7A36615}.Debug|Any CPU.ActiveCfg = Debug|Any CPU
		{8605BD3A-508E-40A3-9006-B64AE7A36615}.Debug|Any CPU.Build.0 = Debug|Any CPU
		{8605BD3A-508E-40A3-9006-B64AE7A36615}.Release|Any CPU.ActiveCfg = Release|Any CPU
		{8605BD3A-508E-40A3-9006-B64AE7A36615}.Release|Any CPU.Build.0 = Release|Any CPU
	EndGlobalSection
	GlobalSection(SolutionProperties) = preSolution
		HideSolutionNode = FALSE
	EndGlobalSection
	GlobalSection(ExtensibilityGlobals) = postSolution
		SolutionGuid = {3AB993DE-639E-46C7-A4D2-D0AE944A22B5}
	EndGlobalSection
EndGlobal
